
Microsoft Visual Studio Solution File, Format Version 12.00
# Visual Studio Version 17
VisualStudioVersion = 17.9.34622.214
MinimumVisualStudioVersion = 10.0.40219.1
Project("{FAE04EC0-301F-11D3-BF4B-00C04F79EFBC}") = "HotelManagementSystem", "HotelManagementSystem\HotelManagementSystem.csproj", "{5501F01F-FB55-4A28-BA09-ACA5071B35CE}"
EndProject
Global
	GlobalSection(SolutionConfigurationPlatforms) = preSolution
		Debug|Any CPU = Debug|Any CPU
		Release|Any CPU = Release|Any CPU
	EndGlobalSection
	GlobalSection(ProjectConfigurationPlatforms) = postSolution
		{5501F01F-FB55-4A28-BA09-ACA5071B35CE}.Debug|Any CPU.ActiveCfg = Debug|Any CPU
		{5501F01F-FB55-4A28-BA09-ACA5071B35CE}.Debug|Any CPU.Build.0 = Debug|Any CPU
		{5501F01F-FB55-4A28-BA09-ACA5071B35CE}.Release|Any CPU.ActiveCfg = Release|Any CPU
		{5501F01F-FB55-4A28-BA09-ACA5071B35CE}.Release|Any CPU.Build.0 = Release|Any CPU
	EndGlobalSection
	GlobalSection(SolutionProperties) = preSolution
		HideSolutionNode = FALSE
	EndGlobalSection
	GlobalSection(ExtensibilityGlobals) = postSolution
		SolutionGuid = {ACBFA6E8-3A3C-4F81-8A00-5732143A3077}
	EndGlobalSection
EndGlobal
